// !$*UTF8*$!
{
	archiveVersion = 1;
	classes = {
	};
	objectVersion = 50;
	objects = {

/* Begin PBXBuildFile section */
		4D1329FF24DEF87D006D40C8 /* AppDelegate.swift in Sources */ = {isa = PBXBuildFile; fileRef = 4D1329FE24DEF87D006D40C8 /* AppDelegate.swift */; };
		4D132A0124DEF87D006D40C8 /* SceneDelegate.swift in Sources */ = {isa = PBXBuildFile; fileRef = 4D132A0024DEF87D006D40C8 /* SceneDelegate.swift */; };
		4D132A0324DEF87D006D40C8 /* ContentView.swift in Sources */ = {isa = PBXBuildFile; fileRef = 4D132A0224DEF87D006D40C8 /* ContentView.swift */; };
		4D132A0524DEF87E006D40C8 /* Assets.xcassets in Resources */ = {isa = PBXBuildFile; fileRef = 4D132A0424DEF87E006D40C8 /* Assets.xcassets */; };
		4D132A0824DEF87E006D40C8 /* Preview Assets.xcassets in Resources */ = {isa = PBXBuildFile; fileRef = 4D132A0724DEF87E006D40C8 /* Preview Assets.xcassets */; };
		4D132A0B24DEF87E006D40C8 /* LaunchScreen.storyboard in Resources */ = {isa = PBXBuildFile; fileRef = 4D132A0924DEF87E006D40C8 /* LaunchScreen.storyboard */; };
		4D132A1624DEF87E006D40C8 /* fightcardTests.swift in Sources */ = {isa = PBXBuildFile; fileRef = 4D132A1524DEF87E006D40C8 /* fightcardTests.swift */; };
		4D132A2124DF021F006D40C8 /* Fighter.swift in Sources */ = {isa = PBXBuildFile; fileRef = 4D132A2024DF021F006D40C8 /* Fighter.swift */; };
		4D132A2324DF0265006D40C8 /* Card.swift in Sources */ = {isa = PBXBuildFile; fileRef = 4D132A2224DF0265006D40C8 /* Card.swift */; };
		4D132A2524DF028A006D40C8 /* Segment.swift in Sources */ = {isa = PBXBuildFile; fileRef = 4D132A2424DF028A006D40C8 /* Segment.swift */; };
		4D132A2724DF041E006D40C8 /* AvatarView.swift in Sources */ = {isa = PBXBuildFile; fileRef = 4D132A2624DF041E006D40C8 /* AvatarView.swift */; };
		4D2CE2A02554873C00C61ED8 /* FighterCellView.swift in Sources */ = {isa = PBXBuildFile; fileRef = 4D2CE29F2554873C00C61ED8 /* FighterCellView.swift */; };
/* End PBXBuildFile section */

/* Begin PBXContainerItemProxy section */
		4D132A1224DEF87E006D40C8 /* PBXContainerItemProxy */ = {
			isa = PBXContainerItemProxy;
			containerPortal = 4D1329F324DEF87D006D40C8 /* Project object */;
			proxyType = 1;
			remoteGlobalIDString = 4D1329FA24DEF87D006D40C8;
			remoteInfo = fightcard;
		};
/* End PBXContainerItemProxy section */

/* Begin PBXFileReference section */
		4D1329FB24DEF87D006D40C8 /* fightcard.app */ = {isa = PBXFileReference; explicitFileType = wrapper.application; includeInIndex = 0; path = fightcard.app; sourceTree = BUILT_PRODUCTS_DIR; };
		4D1329FE24DEF87D006D40C8 /* AppDelegate.swift */ = {isa = PBXFileReference; lastKnownFileType = sourcecode.swift; path = AppDelegate.swift; sourceTree = "<group>"; };
		4D132A0024DEF87D006D40C8 /* SceneDelegate.swift */ = {isa = PBXFileReference; lastKnownFileType = sourcecode.swift; path = SceneDelegate.swift; sourceTree = "<group>"; };
		4D132A0224DEF87D006D40C8 /* ContentView.swift */ = {isa = PBXFileReference; lastKnownFileType = sourcecode.swift; path = ContentView.swift; sourceTree = "<group>"; };
		4D132A0424DEF87E006D40C8 /* Assets.xcassets */ = {isa = PBXFileReference; lastKnownFileType = folder.assetcatalog; path = Assets.xcassets; sourceTree = "<group>"; };
		4D132A0724DEF87E006D40C8 /* Preview Assets.xcassets */ = {isa = PBXFileReference; lastKnownFileType = folder.assetcatalog; path = "Preview Assets.xcassets"; sourceTree = "<group>"; };
		4D132A0A24DEF87E006D40C8 /* Base */ = {isa = PBXFileReference; lastKnownFileType = file.storyboard; name = Base; path = Base.lproj/LaunchScreen.storyboard; sourceTree = "<group>"; };
		4D132A0C24DEF87E006D40C8 /* Info.plist */ = {isa = PBXFileReference; lastKnownFileType = text.plist.xml; path = Info.plist; sourceTree = "<group>"; };
		4D132A1124DEF87E006D40C8 /* fightcardTests.xctest */ = {isa = PBXFileReference; explicitFileType = wrapper.cfbundle; includeInIndex = 0; path = fightcardTests.xctest; sourceTree = BUILT_PRODUCTS_DIR; };
		4D132A1524DEF87E006D40C8 /* fightcardTests.swift */ = {isa = PBXFileReference; lastKnownFileType = sourcecode.swift; path = fightcardTests.swift; sourceTree = "<group>"; };
		4D132A1724DEF87E006D40C8 /* Info.plist */ = {isa = PBXFileReference; lastKnownFileType = text.plist.xml; path = Info.plist; sourceTree = "<group>"; };
		4D132A2024DF021F006D40C8 /* Fighter.swift */ = {isa = PBXFileReference; lastKnownFileType = sourcecode.swift; path = Fighter.swift; sourceTree = "<group>"; };
		4D132A2224DF0265006D40C8 /* Card.swift */ = {isa = PBXFileReference; lastKnownFileType = sourcecode.swift; path = Card.swift; sourceTree = "<group>"; };
		4D132A2424DF028A006D40C8 /* Segment.swift */ = {isa = PBXFileReference; lastKnownFileType = sourcecode.swift; path = Segment.swift; sourceTree = "<group>"; };
		4D132A2624DF041E006D40C8 /* AvatarView.swift */ = {isa = PBXFileReference; lastKnownFileType = sourcecode.swift; path = AvatarView.swift; sourceTree = "<group>"; };
		4D2CE29F2554873C00C61ED8 /* FighterCellView.swift */ = {isa = PBXFileReference; lastKnownFileType = sourcecode.swift; path = FighterCellView.swift; sourceTree = "<group>"; };
/* End PBXFileReference section */

/* Begin PBXFrameworksBuildPhase section */
		4D1329F824DEF87D006D40C8 /* Frameworks */ = {
			isa = PBXFrameworksBuildPhase;
			buildActionMask = 2147483647;
			files = (
			);
			runOnlyForDeploymentPostprocessing = 0;
		};
		4D132A0E24DEF87E006D40C8 /* Frameworks */ = {
			isa = PBXFrameworksBuildPhase;
			buildActionMask = 2147483647;
			files = (
			);
			runOnlyForDeploymentPostprocessing = 0;
		};
/* End PBXFrameworksBuildPhase section */

/* Begin PBXGroup section */
		4D1329F224DEF87D006D40C8 = {
			isa = PBXGroup;
			children = (
				4D1329FD24DEF87D006D40C8 /* fightcard */,
				4D132A1424DEF87E006D40C8 /* fightcardTests */,
				4D1329FC24DEF87D006D40C8 /* Products */,
			);
			sourceTree = "<group>";
		};
		4D1329FC24DEF87D006D40C8 /* Products */ = {
			isa = PBXGroup;
			children = (
				4D1329FB24DEF87D006D40C8 /* fightcard.app */,
				4D132A1124DEF87E006D40C8 /* fightcardTests.xctest */,
			);
			name = Products;
			sourceTree = "<group>";
		};
		4D1329FD24DEF87D006D40C8 /* fightcard */ = {
			isa = PBXGroup;
			children = (
				4D1329FE24DEF87D006D40C8 /* AppDelegate.swift */,
				4D132A0024DEF87D006D40C8 /* SceneDelegate.swift */,
				4D132A0224DEF87D006D40C8 /* ContentView.swift */,
				4D2CE29F2554873C00C61ED8 /* FighterCellView.swift */,
				4D132A2624DF041E006D40C8 /* AvatarView.swift */,
				4D132A2824DF0484006D40C8 /* Models */,
				4D132A0424DEF87E006D40C8 /* Assets.xcassets */,
				4D132A0924DEF87E006D40C8 /* LaunchScreen.storyboard */,
				4D132A0C24DEF87E006D40C8 /* Info.plist */,
				4D132A0624DEF87E006D40C8 /* Preview Content */,
			);
			path = fightcard;
			sourceTree = "<group>";
		};
		4D132A0624DEF87E006D40C8 /* Preview Content */ = {
			isa = PBXGroup;
			children = (
				4D132A0724DEF87E006D40C8 /* Preview Assets.xcassets */,
			);
			path = "Preview Content";
			sourceTree = "<group>";
		};
		4D132A1424DEF87E006D40C8 /* fightcardTests */ = {
			isa = PBXGroup;
			children = (
				4D132A1524DEF87E006D40C8 /* fightcardTests.swift */,
				4D132A1724DEF87E006D40C8 /* Info.plist */,
			);
			path = fightcardTests;
			sourceTree = "<group>";
		};
		4D132A2824DF0484006D40C8 /* Models */ = {
			isa = PBXGroup;
			children = (
				4D132A2024DF021F006D40C8 /* Fighter.swift */,
				4D132A2224DF0265006D40C8 /* Card.swift */,
				4D132A2424DF028A006D40C8 /* Segment.swift */,
			);
			path = Models;
			sourceTree = "<group>";
		};
/* End PBXGroup section */

/* Begin PBXNativeTarget section */
		4D1329FA24DEF87D006D40C8 /* fightcard */ = {
			isa = PBXNativeTarget;
			buildConfigurationList = 4D132A1A24DEF87E006D40C8 /* Build configuration list for PBXNativeTarget "fightcard" */;
			buildPhases = (
				4D1329F724DEF87D006D40C8 /* Sources */,
				4D1329F824DEF87D006D40C8 /* Frameworks */,
				4D1329F924DEF87D006D40C8 /* Resources */,
			);
			buildRules = (
			);
			dependencies = (
			);
			name = fightcard;
			productName = fightcard;
			productReference = 4D1329FB24DEF87D006D40C8 /* fightcard.app */;
			productType = "com.apple.product-type.application";
		};
		4D132A1024DEF87E006D40C8 /* fightcardTests */ = {
			isa = PBXNativeTarget;
			buildConfigurationList = 4D132A1D24DEF87E006D40C8 /* Build configuration list for PBXNativeTarget "fightcardTests" */;
			buildPhases = (
				4D132A0D24DEF87E006D40C8 /* Sources */,
				4D132A0E24DEF87E006D40C8 /* Frameworks */,
				4D132A0F24DEF87E006D40C8 /* Resources */,
			);
			buildRules = (
			);
			dependencies = (
				4D132A1324DEF87E006D40C8 /* PBXTargetDependency */,
			);
			name = fightcardTests;
			productName = fightcardTests;
			productReference = 4D132A1124DEF87E006D40C8 /* fightcardTests.xctest */;
			productType = "com.apple.product-type.bundle.unit-test";
		};
/* End PBXNativeTarget section */

/* Begin PBXProject section */
		4D1329F324DEF87D006D40C8 /* Project object */ = {
			isa = PBXProject;
			attributes = {
				LastSwiftUpdateCheck = 1160;
				LastUpgradeCheck = 1210;
				ORGANIZATIONNAME = Amarjit;
				TargetAttributes = {
					4D1329FA24DEF87D006D40C8 = {
						CreatedOnToolsVersion = 11.6;
					};
					4D132A1024DEF87E006D40C8 = {
						CreatedOnToolsVersion = 11.6;
						TestTargetID = 4D1329FA24DEF87D006D40C8;
					};
				};
			};
			buildConfigurationList = 4D1329F624DEF87D006D40C8 /* Build configuration list for PBXProject "fightcard" */;
			compatibilityVersion = "Xcode 9.3";
			developmentRegion = en;
			hasScannedForEncodings = 0;
			knownRegions = (
				en,
				Base,
			);
			mainGroup = 4D1329F224DEF87D006D40C8;
			productRefGroup = 4D1329FC24DEF87D006D40C8 /* Products */;
			projectDirPath = "";
			projectRoot = "";
			targets = (
				4D1329FA24DEF87D006D40C8 /* fightcard */,
				4D132A1024DEF87E006D40C8 /* fightcardTests */,
			);
		};
/* End PBXProject section */

/* Begin PBXResourcesBuildPhase section */
		4D1329F924DEF87D006D40C8 /* Resources */ = {
			isa = PBXResourcesBuildPhase;
			buildActionMask = 2147483647;
			files = (
				4D132A0B24DEF87E006D40C8 /* LaunchScreen.storyboard in Resources */,
				4D132A0824DEF87E006D40C8 /* Preview Assets.xcassets in Resources */,
				4D132A0524DEF87E006D40C8 /* Assets.xcassets in Resources */,
			);
			runOnlyForDeploymentPostprocessing = 0;
		};
		4D132A0F24DEF87E006D40C8 /* Resources */ = {
			isa = PBXResourcesBuildPhase;
			buildActionMask = 2147483647;
			files = (
			);
			runOnlyForDeploymentPostprocessing = 0;
		};
/* End PBXResourcesBuildPhase section */

/* Begin PBXSourcesBuildPhase section */
		4D1329F724DEF87D006D40C8 /* Sources */ = {
			isa = PBXSourcesBuildPhase;
			buildActionMask = 2147483647;
			files = (
				4D1329FF24DEF87D006D40C8 /* AppDelegate.swift in Sources */,
				4D132A2524DF028A006D40C8 /* Segment.swift in Sources */,
				4D132A2724DF041E006D40C8 /* AvatarView.swift in Sources */,
				4D2CE2A02554873C00C61ED8 /* FighterCellView.swift in Sources */,
				4D132A2124DF021F006D40C8 /* Fighter.swift in Sources */,
				4D132A2324DF0265006D40C8 /* Card.swift in Sources */,
				4D132A0124DEF87D006D40C8 /* SceneDelegate.swift in Sources */,
				4D132A0324DEF87D006D40C8 /* ContentView.swift in Sources */,
			);
			runOnlyForDeploymentPostprocessing = 0;
		};
		4D132A0D24DEF87E006D40C8 /* Sources */ = {
			isa = PBXSourcesBuildPhase;
			buildActionMask = 2147483647;
			files = (
				4D132A1624DEF87E006D40C8 /* fightcardTests.swift in Sources */,
			);
			runOnlyForDeploymentPostprocessing = 0;
		};
/* End PBXSourcesBuildPhase section */

/* Begin PBXTargetDependency section */
		4D132A1324DEF87E006D40C8 /* PBXTargetDependency */ = {
			isa = PBXTargetDependency;
			target = 4D1329FA24DEF87D006D40C8 /* fightcard */;
			targetProxy = 4D132A1224DEF87E006D40C8 /* PBXContainerItemProxy */;
		};
/* End PBXTargetDependency section */

/* Begin PBXVariantGroup section */
		4D132A0924DEF87E006D40C8 /* LaunchScreen.storyboard */ = {
			isa = PBXVariantGroup;
			children = (
				4D132A0A24DEF87E006D40C8 /* Base */,
			);
			name = LaunchScreen.storyboard;
			sourceTree = "<group>";
		};
/* End PBXVariantGroup section */

/* Begin XCBuildConfiguration section */
		4D132A1824DEF87E006D40C8 /* Debug */ = {
			isa = XCBuildConfiguration;
			buildSettings = {
				ALWAYS_SEARCH_USER_PATHS = NO;
				CLANG_ANALYZER_NONNULL = YES;
				CLANG_ANALYZER_NUMBER_OBJECT_CONVERSION = YES_AGGRESSIVE;
				CLANG_CXX_LANGUAGE_STANDARD = "gnu++14";
				CLANG_CXX_LIBRARY = "libc++";
				CLANG_ENABLE_MODULES = YES;
				CLANG_ENABLE_OBJC_ARC = YES;
				CLANG_ENABLE_OBJC_WEAK = YES;
				CLANG_WARN_BLOCK_CAPTURE_AUTORELEASING = YES;
				CLANG_WARN_BOOL_CONVERSION = YES;
				CLANG_WARN_COMMA = YES;
				CLANG_WARN_CONSTANT_CONVERSION = YES;
				CLANG_WARN_DEPRECATED_OBJC_IMPLEMENTATIONS = YES;
				CLANG_WARN_DIRECT_OBJC_ISA_USAGE = YES_ERROR;
				CLANG_WARN_DOCUMENTATION_COMMENTS = YES;
				CLANG_WARN_EMPTY_BODY = YES;
				CLANG_WARN_ENUM_CONVERSION = YES;
				CLANG_WARN_INFINITE_RECURSION = YES;
				CLANG_WARN_INT_CONVERSION = YES;
				CLANG_WARN_NON_LITERAL_NULL_CONVERSION = YES;
				CLANG_WARN_OBJC_IMPLICIT_RETAIN_SELF = YES;
				CLANG_WARN_OBJC_LITERAL_CONVERSION = YES;
				CLANG_WARN_OBJC_ROOT_CLASS = YES_ERROR;
				CLANG_WARN_QUOTED_INCLUDE_IN_FRAMEWORK_HEADER = YES;
				CLANG_WARN_RANGE_LOOP_ANALYSIS = YES;
				CLANG_WARN_STRICT_PROTOTYPES = YES;
				CLANG_WARN_SUSPICIOUS_MOVE = YES;
				CLANG_WARN_UNGUARDED_AVAILABILITY = YES_AGGRESSIVE;
				CLANG_WARN_UNREACHABLE_CODE = YES;
				CLANG_WARN__DUPLICATE_METHOD_MATCH = YES;
				COPY_PHASE_STRIP = NO;
				DEBUG_INFORMATION_FORMAT = dwarf;
				ENABLE_STRICT_OBJC_MSGSEND = YES;
				ENABLE_TESTABILITY = YES;
				GCC_C_LANGUAGE_STANDARD = gnu11;
				GCC_DYNAMIC_NO_PIC = NO;
				GCC_NO_COMMON_BLOCKS = YES;
				GCC_OPTIMIZATION_LEVEL = 0;
				GCC_PREPROCESSOR_DEFINITIONS = (
					"DEBUG=1",
					"$(inherited)",
				);
				GCC_WARN_64_TO_32_BIT_CONVERSION = YES;
				GCC_WARN_ABOUT_RETURN_TYPE = YES_ERROR;
				GCC_WARN_UNDECLARED_SELECTOR = YES;
				GCC_WARN_UNINITIALIZED_AUTOS = YES_AGGRESSIVE;
				GCC_WARN_UNUSED_FUNCTION = YES;
				GCC_WARN_UNUSED_VARIABLE = YES;
				IPHONEOS_DEPLOYMENT_TARGET = 13.6;
				MTL_ENABLE_DEBUG_INFO = INCLUDE_SOURCE;
				MTL_FAST_MATH = YES;
				ONLY_ACTIVE_ARCH = YES;
				SDKROOT = iphoneos;
				SWIFT_ACTIVE_COMPILATION_CONDITIONS = DEBUG;
				SWIFT_OPTIMIZATION_LEVEL = "-Onone";
			};
			name = Debug;
		};
		4D132A1924DEF87E006D40C8 /* Release */ = {
			isa = XCBuildConfiguration;
			buildSettings = {
				ALWAYS_SEARCH_USER_PATHS = NO;
				CLANG_ANALYZER_NONNULL = YES;
				CLANG_ANALYZER_NUMBER_OBJECT_CONVERSION = YES_AGGRESSIVE;
				CLANG_CXX_LANGUAGE_STANDARD = "gnu++14";
				CLANG_CXX_LIBRARY = "libc++";
				CLANG_ENABLE_MODULES = YES;
				CLANG_ENABLE_OBJC_ARC = YES;
				CLANG_ENABLE_OBJC_WEAK = YES;
				CLANG_WARN_BLOCK_CAPTURE_AUTORELEASING = YES;
				CLANG_WARN_BOOL_CONVERSION = YES;
				CLANG_WARN_COMMA = YES;
				CLANG_WARN_CONSTANT_CONVERSION = YES;
				CLANG_WARN_DEPRECATED_OBJC_IMPLEMENTATIONS = YES;
				CLANG_WARN_DIRECT_OBJC_ISA_USAGE = YES_ERROR;
				CLANG_WARN_DOCUMENTATION_COMMENTS = YES;
				CLANG_WARN_EMPTY_BODY = YES;
				CLANG_WARN_ENUM_CONVERSION = YES;
				CLANG_WARN_INFINITE_RECURSION = YES;
				CLANG_WARN_INT_CONVERSION = YES;
				CLANG_WARN_NON_LITERAL_NULL_CONVERSION = YES;
				CLANG_WARN_OBJC_IMPLICIT_RETAIN_SELF = YES;
				CLANG_WARN_OBJC_LITERAL_CONVERSION = YES;
				CLANG_WARN_OBJC_ROOT_CLASS = YES_ERROR;
				CLANG_WARN_QUOTED_INCLUDE_IN_FRAMEWORK_HEADER = YES;
				CLANG_WARN_RANGE_LOOP_ANALYSIS = YES;
				CLANG_WARN_STRICT_PROTOTYPES = YES;
				CLANG_WARN_SUSPICIOUS_MOVE = YES;
				CLANG_WARN_UNGUARDED_AVAILABILITY = YES_AGGRESSIVE;
				CLANG_WARN_UNREACHABLE_CODE = YES;
				CLANG_WARN__DUPLICATE_METHOD_MATCH = YES;
				COPY_PHASE_STRIP = NO;
				DEBUG_INFORMATION_FORMAT = "dwarf-with-dsym";
				ENABLE_NS_ASSERTIONS = NO;
				ENABLE_STRICT_OBJC_MSGSEND = YES;
				GCC_C_LANGUAGE_STANDARD = gnu11;
				GCC_NO_COMMON_BLOCKS = YES;
				GCC_WARN_64_TO_32_BIT_CONVERSION = YES;
				GCC_WARN_ABOUT_RETURN_TYPE = YES_ERROR;
				GCC_WARN_UNDECLARED_SELECTOR = YES;
				GCC_WARN_UNINITIALIZED_AUTOS = YES_AGGRESSIVE;
				GCC_WARN_UNUSED_FUNCTION = YES;
				GCC_WARN_UNUSED_VARIABLE = YES;
				IPHONEOS_DEPLOYMENT_TARGET = 13.6;
				MTL_ENABLE_DEBUG_INFO = NO;
				MTL_FAST_MATH = YES;
				SDKROOT = iphoneos;
				SWIFT_COMPILATION_MODE = wholemodule;
				SWIFT_OPTIMIZATION_LEVEL = "-O";
				VALIDATE_PRODUCT = YES;
			};
			name = Release;
		};
		4D132A1B24DEF87E006D40C8 /* Debug */ = {
			isa = XCBuildConfiguration;
			buildSettings = {
				ASSETCATALOG_COMPILER_APPICON_NAME = AppIcon;
				CODE_SIGN_STYLE = Automatic;
				DEVELOPMENT_ASSET_PATHS = "\"fightcard/Preview Content\"";
				DEVELOPMENT_TEAM = A48R25Y4D5;
				ENABLE_PREVIEWS = YES;
				INFOPLIST_FILE = fightcard/Info.plist;
				LD_RUNPATH_SEARCH_PATHS = (
					"$(inherited)",
					"@executable_path/Frameworks",
				);
				PRODUCT_BUNDLE_IDENTIFIER = uk.co.silentflute.fightcard;
				PRODUCT_NAME = "$(TARGET_NAME)";
				SWIFT_VERSION = 5.0;
				TARGETED_DEVICE_FAMILY = "1,2";
			};
			name = Debug;
		};
		4D132A1C24DEF87E006D40C8 /* Release */ = {
			isa = XCBuildConfiguration;
			buildSettings = {
				ASSETCATALOG_COMPILER_APPICON_NAME = AppIcon;
				CODE_SIGN_STYLE = Automatic;
				DEVELOPMENT_ASSET_PATHS = "\"fightcard/Preview Content\"";
				DEVELOPMENT_TEAM = A48R25Y4D5;
				ENABLE_PREVIEWS = YES;
				INFOPLIST_FILE = fightcard/Info.plist;
				LD_RUNPATH_SEARCH_PATHS = (
					"$(inherited)",
					"@executable_path/Frameworks",
				);
				PRODUCT_BUNDLE_IDENTIFIER = uk.co.silentflute.fightcard;
				PRODUCT_NAME = "$(TARGET_NAME)";
				SWIFT_VERSION = 5.0;
				TARGETED_DEVICE_FAMILY = "1,2";
			};
			name = Release;
		};
		4D132A1E24DEF87E006D40C8 /* Debug */ = {
			isa = XCBuildConfiguration;
			buildSettings = {
				ALWAYS_EMBED_SWIFT_STANDARD_LIBRARIES = YES;
				BUNDLE_LOADER = "$(TEST_HOST)";
				CODE_SIGN_STYLE = Automatic;
				DEVELOPMENT_TEAM = A48R25Y4D5;
				INFOPLIST_FILE = fightcardTests/Info.plist;
				IPHONEOS_DEPLOYMENT_TARGET = 13.6;
				LD_RUNPATH_SEARCH_PATHS = (
					"$(inherited)",
					"@executable_path/Frameworks",
					"@loader_path/Frameworks",
				);
				PRODUCT_BUNDLE_IDENTIFIER = uk.co.silentflute.fightcardTests;
				PRODUCT_NAME = "$(TARGET_NAME)";
				SWIFT_VERSION = 5.0;
				TARGETED_DEVICE_FAMILY = "1,2";
				TEST_HOST = "$(BUILT_PRODUCTS_DIR)/fightcard.app/fightcard";
			};
			name = Debug;
		};
		4D132A1F24DEF87E006D40C8 /* Release */ = {
			isa = XCBuildConfiguration;
			buildSettings = {
				ALWAYS_EMBED_SWIFT_STANDARD_LIBRARIES = YES;
				BUNDLE_LOADER = "$(TEST_HOST)";
				CODE_SIGN_STYLE = Automatic;
				DEVELOPMENT_TEAM = A48R25Y4D5;
				INFOPLIST_FILE = fightcardTests/Info.plist;
				IPHONEOS_DEPLOYMENT_TARGET = 13.6;
				LD_RUNPATH_SEARCH_PATHS = (
					"$(inherited)",
					"@executable_path/Frameworks",
					"@loader_path/Frameworks",
				);
				PRODUCT_BUNDLE_IDENTIFIER = uk.co.silentflute.fightcardTests;
				PRODUCT_NAME = "$(TARGET_NAME)";
				SWIFT_VERSION = 5.0;
				TARGETED_DEVICE_FAMILY = "1,2";
				TEST_HOST = "$(BUILT_PRODUCTS_DIR)/fightcard.app/fightcard";
			};
			name = Release;
		};
/* End XCBuildConfiguration section */

/* Begin XCConfigurationList section */
		4D1329F624DEF87D006D40C8 /* Build configuration list for PBXProject "fightcard" */ = {
			isa = XCConfigurationList;
			buildConfigurations = (
				4D132A1824DEF87E006D40C8 /* Debug */,
				4D132A1924DEF87E006D40C8 /* Release */,
			);
			defaultConfigurationIsVisible = 0;
			defaultConfigurationName = Release;
		};
		4D132A1A24DEF87E006D40C8 /* Build configuration list for PBXNativeTarget "fightcard" */ = {
			isa = XCConfigurationList;
			buildConfigurations = (
				4D132A1B24DEF87E006D40C8 /* Debug */,
				4D132A1C24DEF87E006D40C8 /* Release */,
			);
			defaultConfigurationIsVisible = 0;
			defaultConfigurationName = Release;
		};
		4D132A1D24DEF87E006D40C8 /* Build configuration list for PBXNativeTarget "fightcardTests" */ = {
			isa = XCConfigurationList;
			buildConfigurations = (
				4D132A1E24DEF87E006D40C8 /* Debug */,
				4D132A1F24DEF87E006D40C8 /* Release */,
			);
			defaultConfigurationIsVisible = 0;
			defaultConfigurationName = Release;
		};
/* End XCConfigurationList section */
	};
	rootObject = 4D1329F324DEF87D006D40C8 /* Project object */;
}
